
Microsoft Visual Studio Solution File, Format Version 12.00
# Visual Studio Version 17
VisualStudioVersion = 17.4.33205.214
MinimumVisualStudioVersion = 10.0.40219.1
Project("{FAE04EC0-301F-11D3-BF4B-00C04F79EFBC}") = "AadhyaFinserve", "AadhyaFinserve\AadhyaFinserve.csproj", "{97605AC7-F46B-4DB4-9019-2307D6F60EA8}"
EndProject
Global
	GlobalSection(SolutionConfigurationPlatforms) = preSolution
		Debug|Any CPU = Debug|Any CPU
		Release|Any CPU = Release|Any CPU
	EndGlobalSection
	GlobalSection(ProjectConfigurationPlatforms) = postSolution
		{97605AC7-F46B-4DB4-9019-2307D6F60EA8}.Debug|Any CPU.ActiveCfg = Debug|Any CPU
		{97605AC7-F46B-4DB4-9019-2307D6F60EA8}.Debug|Any CPU.Build.0 = Debug|Any CPU
		{97605AC7-F46B-4DB4-9019-2307D6F60EA8}.Release|Any CPU.ActiveCfg = Release|Any CPU
		{97605AC7-F46B-4DB4-9019-2307D6F60EA8}.Release|Any CPU.Build.0 = Release|Any CPU
	EndGlobalSection
	GlobalSection(SolutionProperties) = preSolution
		HideSolutionNode = FALSE
	EndGlobalSection
	GlobalSection(ExtensibilityGlobals) = postSolution
		SolutionGuid = {FA89BC6F-8036-46C6-BB47-EA0DF0CF442C}
	EndGlobalSection
EndGlobal
